<?xml version="1.0" encoding="utf-8"?>
<Project ToolsVersion="4.0" xmlns="http://schemas.microsoft.com/developer/msbuild/2003">
  <ItemGroup>
    <ClCompile Include="bdxws.cpp">
      <Filter>Src</Filter>
    </ClCompile>
    <ClCompile Include="dllmain.cpp">
      <Filter>Src</Filter>
    </ClCompile>
    <ClCompile Include="MemoryModule.c">
      <Filter>Src</Filter>
    </ClCompile>
  </ItemGroup>
  <ItemGroup>
    <ClInclude Include="encrypt_helper.h">
      <Filter>Src</Filter>
    </ClInclude>
    <ClInclude Include="resource.h">
      <Filter>Res</Filter>
    </ClInclude>
  </ItemGroup>
  <ItemGroup>
    <Filter Include="Src">
      <UniqueIdentifier>{bfaf5d22-d5d6-4776-b795-abea9a97028e}</UniqueIdentifier>
    </Filter>
    <Filter Include="Res">
      <UniqueIdentifier>{150735d4-b9b7-43ed-a299-878b5ac53fa2}</UniqueIdentifier>
    </Filter>
    <Filter Include="Lib">
      <UniqueIdentifier>{0742dc3d-8beb-4afb-9748-5312fee4162e}</UniqueIdentifier>
    </Filter>
  </ItemGroup>
  <ItemGroup>
    <ResourceCompile Include="bdxws.rc">
      <Filter>Res</Filter>
    </ResourceCompile>
  </ItemGroup>
  <ItemGroup>
    <Library Include="..\SDK\Lib\bedrock_server_api.lib">
      <Filter>Lib</Filter>
    </Library>
    <Library Include="..\SDK\Lib\bedrock_server_var.lib">
      <Filter>Lib</Filter>
    </Library>
    <Library Include="..\SDK\Lib\LiteLoader.lib">
      <Filter>Lib</Filter>
    </Library>
    <Library Include="..\SDK\Lib\SymDBHelper.lib">
      <Filter>Lib</Filter>
    </Library>
    <Library Include="..\Lib\cryptlib.lib">
      <Filter>Lib</Filter>
    </Library>
    <Library Include="..\Lib\openssl\libcrypto.lib">
      <Filter>Lib</Filter>
    </Library>
    <Library Include="..\Lib\openssl\libssl.lib">
      <Filter>Lib</Filter>
    </Library>
  </ItemGroup>
</Project>